
Microsoft Visual Studio Solution File, Format Version 12.00
# Visual Studio Version 17
VisualStudioVersion = 17.7.34018.315
MinimumVisualStudioVersion = 10.0.40219.1
Project("{FAE04EC0-301F-11D3-BF4B-00C04F79EFBC}") = "ResaApp", "ResaApp\ResaApp.csproj", "{D7B4C4BF-1BBF-4C2A-B0AC-1BB032F9B83B}"
EndProject
Global
	GlobalSection(SolutionConfigurationPlatforms) = preSolution
		Debug|Any CPU = Debug|Any CPU
		Release|Any CPU = Release|Any CPU
	EndGlobalSection
	GlobalSection(ProjectConfigurationPlatforms) = postSolution
		{D7B4C4BF-1BBF-4C2A-B0AC-1BB032F9B83B}.Debug|Any CPU.ActiveCfg = Debug|Any CPU
		{D7B4C4BF-1BBF-4C2A-B0AC-1BB032F9B83B}.Debug|Any CPU.Build.0 = Debug|Any CPU
		{D7B4C4BF-1BBF-4C2A-B0AC-1BB032F9B83B}.Release|Any CPU.ActiveCfg = Release|Any CPU
		{D7B4C4BF-1BBF-4C2A-B0AC-1BB032F9B83B}.Release|Any CPU.Build.0 = Release|Any CPU
	EndGlobalSection
	GlobalSection(SolutionProperties) = preSolution
		HideSolutionNode = FALSE
	EndGlobalSection
	GlobalSection(ExtensibilityGlobals) = postSolution
		SolutionGuid = {B6445944-3740-45FF-9CFF-FCB3CBA82090}
	EndGlobalSection
EndGlobal
